
Microsoft Visual Studio Solution File, Format Version 12.00
# Visual Studio 15
Project("{FAE04EC0-301F-11D3-BF4B-00C04F79EFBC}") = "Assembly-CSharp", "Assembly-CSharp.csproj", "{6110A3A9-BD2D-8CD7-3CB4-60F1B1E92548}"
EndProject
Project("{FAE04EC0-301F-11D3-BF4B-00C04F79EFBC}") = "Assembly-CSharp-Editor", "Assembly-CSharp-Editor.csproj", "{EE4EFC25-4FE7-A02B-5FDE-11C08B6E400F}"
EndProject
Global
	GlobalSection(SolutionConfigurationPlatforms) = preSolution
		Debug|Any CPU = Debug|Any CPU
		Release|Any CPU = Release|Any CPU
	EndGlobalSection
	GlobalSection(ProjectConfigurationPlatforms) = postSolution
		{6110A3A9-BD2D-8CD7-3CB4-60F1B1E92548}.Debug|Any CPU.ActiveCfg = Debug|Any CPU
		{6110A3A9-BD2D-8CD7-3CB4-60F1B1E92548}.Debug|Any CPU.Build.0 = Debug|Any CPU
		{6110A3A9-BD2D-8CD7-3CB4-60F1B1E92548}.Release|Any CPU.ActiveCfg = Release|Any CPU
		{6110A3A9-BD2D-8CD7-3CB4-60F1B1E92548}.Release|Any CPU.Build.0 = Release|Any CPU
		{EE4EFC25-4FE7-A02B-5FDE-11C08B6E400F}.Debug|Any CPU.ActiveCfg = Debug|Any CPU
		{EE4EFC25-4FE7-A02B-5FDE-11C08B6E400F}.Debug|Any CPU.Build.0 = Debug|Any CPU
		{EE4EFC25-4FE7-A02B-5FDE-11C08B6E400F}.Release|Any CPU.ActiveCfg = Release|Any CPU
		{EE4EFC25-4FE7-A02B-5FDE-11C08B6E400F}.Release|Any CPU.Build.0 = Release|Any CPU
	EndGlobalSection
	GlobalSection(SolutionProperties) = preSolution
		HideSolutionNode = FALSE
	EndGlobalSection
EndGlobal
